
Microsoft Visual Studio Solution File, Format Version 12.00
# Visual Studio Version 17
VisualStudioVersion = 17.11.35327.3
MinimumVisualStudioVersion = 10.0.40219.1
Project("{8BC9CEB8-8B4A-11D0-8D11-00A0C91BC942}") = "Vector&Stack", "Vector&Stack\Vector&Stack.vcxproj", "{FE152DB0-04D1-4EF7-8AC9-38A197E59DF8}"
EndProject
Project("{8BC9CEB8-8B4A-11D0-8D11-00A0C91BC942}") = "Domain", "Domain\Domain.vcxproj", "{E7FE4070-0DA2-4C20-99FE-FFC87965F00F}"
EndProject
Project("{8BC9CEB8-8B4A-11D0-8D11-00A0C91BC942}") = "Test", "Test\Test.vcxproj", "{A794F829-DB99-4E08-8E6D-B193805F5BDA}"
EndProject
Global
	GlobalSection(SolutionConfigurationPlatforms) = preSolution
		Debug|x64 = Debug|x64
		Debug|x86 = Debug|x86
		Release|x64 = Release|x64
		Release|x86 = Release|x86
	EndGlobalSection
	GlobalSection(ProjectConfigurationPlatforms) = postSolution
		{FE152DB0-04D1-4EF7-8AC9-38A197E59DF8}.Debug|x64.ActiveCfg = Debug|x64
		{FE152DB0-04D1-4EF7-8AC9-38A197E59DF8}.Debug|x64.Build.0 = Debug|x64
		{FE152DB0-04D1-4EF7-8AC9-38A197E59DF8}.Debug|x86.ActiveCfg = Debug|Win32
		{FE152DB0-04D1-4EF7-8AC9-38A197E59DF8}.Debug|x86.Build.0 = Debug|Win32
		{FE152DB0-04D1-4EF7-8AC9-38A197E59DF8}.Release|x64.ActiveCfg = Release|x64
		{FE152DB0-04D1-4EF7-8AC9-38A197E59DF8}.Release|x64.Build.0 = Release|x64
		{FE152DB0-04D1-4EF7-8AC9-38A197E59DF8}.Release|x86.ActiveCfg = Release|Win32
		{FE152DB0-04D1-4EF7-8AC9-38A197E59DF8}.Release|x86.Build.0 = Release|Win32
		{E7FE4070-0DA2-4C20-99FE-FFC87965F00F}.Debug|x64.ActiveCfg = Debug|x64
		{E7FE4070-0DA2-4C20-99FE-FFC87965F00F}.Debug|x64.Build.0 = Debug|x64
		{E7FE4070-0DA2-4C20-99FE-FFC87965F00F}.Debug|x86.ActiveCfg = Debug|Win32
		{E7FE4070-0DA2-4C20-99FE-FFC87965F00F}.Debug|x86.Build.0 = Debug|Win32
		{E7FE4070-0DA2-4C20-99FE-FFC87965F00F}.Release|x64.ActiveCfg = Release|x64
		{E7FE4070-0DA2-4C20-99FE-FFC87965F00F}.Release|x64.Build.0 = Release|x64
		{E7FE4070-0DA2-4C20-99FE-FFC87965F00F}.Release|x86.ActiveCfg = Release|Win32
		{E7FE4070-0DA2-4C20-99FE-FFC87965F00F}.Release|x86.Build.0 = Release|Win32
		{A794F829-DB99-4E08-8E6D-B193805F5BDA}.Debug|x64.ActiveCfg = Debug|x64
		{A794F829-DB99-4E08-8E6D-B193805F5BDA}.Debug|x64.Build.0 = Debug|x64
		{A794F829-DB99-4E08-8E6D-B193805F5BDA}.Debug|x86.ActiveCfg = Debug|Win32
		{A794F829-DB99-4E08-8E6D-B193805F5BDA}.Debug|x86.Build.0 = Debug|Win32
		{A794F829-DB99-4E08-8E6D-B193805F5BDA}.Release|x64.ActiveCfg = Release|x64
		{A794F829-DB99-4E08-8E6D-B193805F5BDA}.Release|x64.Build.0 = Release|x64
		{A794F829-DB99-4E08-8E6D-B193805F5BDA}.Release|x86.ActiveCfg = Release|Win32
		{A794F829-DB99-4E08-8E6D-B193805F5BDA}.Release|x86.Build.0 = Release|Win32
	EndGlobalSection
	GlobalSection(SolutionProperties) = preSolution
		HideSolutionNode = FALSE
	EndGlobalSection
	GlobalSection(ExtensibilityGlobals) = postSolution
		SolutionGuid = {DF5DECA6-7BDA-4A39-96CA-1F0513E32F7E}
	EndGlobalSection
EndGlobal
